github.com/karrick/congomap v1.0.0 h1:WvISS/hNXB9gVh36BYDHX4STadPB0U8BEiq9LEiFGaU=
github.com/karrick/congomap v1.0.0/go.mod h1:Fi9JSxfADmFEcINQBRdukJeaoPinYiFHv9qlQnuT1Mk=
github.com/karrick/gogetter v1.1.0 h1:suwGmkimIRwRIuw7YydsGpiq7oHYQwZOVgUmKhY3zc8=
github.com/karrick/gogetter v1.1.0/go.mod h1:Yfvm6MCbyFnZl75q/YCvDa1T/VNMZj51LIXXekMpr3g=
