# This file is autogenerated, do not edit; changes may be undone by the next 'dep ensure'.


[[projects]]
  name = "github.com/karrick/gogetter"
  packages = ["."]
  revision = "85185e75404aa222fe7834384ddf1277a6adb22c"
  version = "v2.1.0"

[[projects]]
  name = "github.com/karrick/gohm"
  packages = ["."]
  revision = "488932e65049db4a0c07f50c3b81772b369d5d25"
  version = "v2.2.0"

[[projects]]
  name = "github.com/karrick/goswarm"
  packages = ["."]
  revision = "f30b893aa41460885e674be9f82fd79190e0759a"
  version = "v1.4.7"

[solve-meta]
  analyzer-name = "dep"
  analyzer-version = 1
  inputs-digest = "c63e94a5c2328ec0b340c0b8c8d32c4913cc125a4cc45718296e197a51172380"
  solver-name = "gps-cdcl"
  solver-version = 1
